
Microsoft Visual Studio Solution File, Format Version 12.00
# Visual Studio 15
VisualStudioVersion = 15.0.27703.2035
MinimumVisualStudioVersion = 10.0.40219.1
Project("{FAE04EC0-301F-11D3-BF4B-00C04F79EFBC}") = "Task1", "CSharpTasks\Task1.csproj", "{54EC0C60-FB20-400F-939E-6D4AC6CC41B1}"
EndProject
Project("{FAE04EC0-301F-11D3-BF4B-00C04F79EFBC}") = "Task1UnitTests", "Task1UnitTest\Task1UnitTests.csproj", "{383A5E01-06D6-474C-A5C5-11B5A7D2C657}"
EndProject
Project("{FAE04EC0-301F-11D3-BF4B-00C04F79EFBC}") = "Task2", "Task2\Task2.csproj", "{08F9AB8C-05B4-407C-907F-6BC98C538FF6}"
EndProject
Project("{FAE04EC0-301F-11D3-BF4B-00C04F79EFBC}") = "Task2UnitTests", "Task2UnitTests\Task2UnitTests.csproj", "{F42EF6D4-F0A5-4BF0-91B7-E73BE442257F}"
EndProject
Project("{FAE04EC0-301F-11D3-BF4B-00C04F79EFBC}") = "Task3", "Task3\Task3.csproj", "{47EF6891-0ADE-4C39-B3BB-8B94E95B2346}"
EndProject
Project("{FAE04EC0-301F-11D3-BF4B-00C04F79EFBC}") = "Task3UnitTests", "Task3UnitTests\Task3UnitTests.csproj", "{4CF4E3C7-DA62-45E3-AD59-CF24147D41C7}"
EndProject
Project("{FAE04EC0-301F-11D3-BF4B-00C04F79EFBC}") = "Task4", "Task4\Task4.csproj", "{E6188A83-5BD0-4490-BB72-DE49715D29F6}"
EndProject
Project("{FAE04EC0-301F-11D3-BF4B-00C04F79EFBC}") = "Task4UnitTests", "Task4UnitTests\Task4UnitTests.csproj", "{280DCC39-32F0-4749-AD93-678DE0964678}"
EndProject
Project("{FAE04EC0-301F-11D3-BF4B-00C04F79EFBC}") = "Task2.1", "Task2.1\Task2.1.csproj", "{C844CE5A-A7CA-4FD9-A349-871D6ACF85FB}"
EndProject
Global
	GlobalSection(SolutionConfigurationPlatforms) = preSolution
		Debug|Any CPU = Debug|Any CPU
		Release|Any CPU = Release|Any CPU
	EndGlobalSection
	GlobalSection(ProjectConfigurationPlatforms) = postSolution
		{54EC0C60-FB20-400F-939E-6D4AC6CC41B1}.Debug|Any CPU.ActiveCfg = Debug|Any CPU
		{54EC0C60-FB20-400F-939E-6D4AC6CC41B1}.Debug|Any CPU.Build.0 = Debug|Any CPU
		{54EC0C60-FB20-400F-939E-6D4AC6CC41B1}.Release|Any CPU.ActiveCfg = Release|Any CPU
		{54EC0C60-FB20-400F-939E-6D4AC6CC41B1}.Release|Any CPU.Build.0 = Release|Any CPU
		{383A5E01-06D6-474C-A5C5-11B5A7D2C657}.Debug|Any CPU.ActiveCfg = Debug|Any CPU
		{383A5E01-06D6-474C-A5C5-11B5A7D2C657}.Debug|Any CPU.Build.0 = Debug|Any CPU
		{383A5E01-06D6-474C-A5C5-11B5A7D2C657}.Release|Any CPU.ActiveCfg = Release|Any CPU
		{383A5E01-06D6-474C-A5C5-11B5A7D2C657}.Release|Any CPU.Build.0 = Release|Any CPU
		{08F9AB8C-05B4-407C-907F-6BC98C538FF6}.Debug|Any CPU.ActiveCfg = Debug|Any CPU
		{08F9AB8C-05B4-407C-907F-6BC98C538FF6}.Debug|Any CPU.Build.0 = Debug|Any CPU
		{08F9AB8C-05B4-407C-907F-6BC98C538FF6}.Release|Any CPU.ActiveCfg = Release|Any CPU
		{08F9AB8C-05B4-407C-907F-6BC98C538FF6}.Release|Any CPU.Build.0 = Release|Any CPU
		{F42EF6D4-F0A5-4BF0-91B7-E73BE442257F}.Debug|Any CPU.ActiveCfg = Debug|Any CPU
		{F42EF6D4-F0A5-4BF0-91B7-E73BE442257F}.Debug|Any CPU.Build.0 = Debug|Any CPU
		{F42EF6D4-F0A5-4BF0-91B7-E73BE442257F}.Release|Any CPU.ActiveCfg = Release|Any CPU
		{F42EF6D4-F0A5-4BF0-91B7-E73BE442257F}.Release|Any CPU.Build.0 = Release|Any CPU
		{47EF6891-0ADE-4C39-B3BB-8B94E95B2346}.Debug|Any CPU.ActiveCfg = Debug|Any CPU
		{47EF6891-0ADE-4C39-B3BB-8B94E95B2346}.Debug|Any CPU.Build.0 = Debug|Any CPU
		{47EF6891-0ADE-4C39-B3BB-8B94E95B2346}.Release|Any CPU.ActiveCfg = Release|Any CPU
		{47EF6891-0ADE-4C39-B3BB-8B94E95B2346}.Release|Any CPU.Build.0 = Release|Any CPU
		{4CF4E3C7-DA62-45E3-AD59-CF24147D41C7}.Debug|Any CPU.ActiveCfg = Debug|Any CPU
		{4CF4E3C7-DA62-45E3-AD59-CF24147D41C7}.Debug|Any CPU.Build.0 = Debug|Any CPU
		{4CF4E3C7-DA62-45E3-AD59-CF24147D41C7}.Release|Any CPU.ActiveCfg = Release|Any CPU
		{4CF4E3C7-DA62-45E3-AD59-CF24147D41C7}.Release|Any CPU.Build.0 = Release|Any CPU
		{E6188A83-5BD0-4490-BB72-DE49715D29F6}.Debug|Any CPU.ActiveCfg = Debug|Any CPU
		{E6188A83-5BD0-4490-BB72-DE49715D29F6}.Debug|Any CPU.Build.0 = Debug|Any CPU
		{E6188A83-5BD0-4490-BB72-DE49715D29F6}.Release|Any CPU.ActiveCfg = Release|Any CPU
		{E6188A83-5BD0-4490-BB72-DE49715D29F6}.Release|Any CPU.Build.0 = Release|Any CPU
		{280DCC39-32F0-4749-AD93-678DE0964678}.Debug|Any CPU.ActiveCfg = Debug|Any CPU
		{280DCC39-32F0-4749-AD93-678DE0964678}.Debug|Any CPU.Build.0 = Debug|Any CPU
		{280DCC39-32F0-4749-AD93-678DE0964678}.Release|Any CPU.ActiveCfg = Release|Any CPU
		{280DCC39-32F0-4749-AD93-678DE0964678}.Release|Any CPU.Build.0 = Release|Any CPU
		{C844CE5A-A7CA-4FD9-A349-871D6ACF85FB}.Debug|Any CPU.ActiveCfg = Debug|Any CPU
		{C844CE5A-A7CA-4FD9-A349-871D6ACF85FB}.Debug|Any CPU.Build.0 = Debug|Any CPU
		{C844CE5A-A7CA-4FD9-A349-871D6ACF85FB}.Release|Any CPU.ActiveCfg = Release|Any CPU
		{C844CE5A-A7CA-4FD9-A349-871D6ACF85FB}.Release|Any CPU.Build.0 = Release|Any CPU
	EndGlobalSection
	GlobalSection(SolutionProperties) = preSolution
		HideSolutionNode = FALSE
	EndGlobalSection
	GlobalSection(ExtensibilityGlobals) = postSolution
		SolutionGuid = {3CE0DFB3-606F-4599-A15A-1CF868FDBE1D}
	EndGlobalSection
EndGlobal
