
Microsoft Visual Studio Solution File, Format Version 12.00
# Visual Studio 15
VisualStudioVersion = 15.0.27703.2035
MinimumVisualStudioVersion = 10.0.40219.1
Project("{FAE04EC0-301F-11D3-BF4B-00C04F79EFBC}") = "Task1_1", "CSharpTasks\Task1_1.csproj", "{54EC0C60-FB20-400F-939E-6D4AC6CC41B1}"
EndProject
Project("{FAE04EC0-301F-11D3-BF4B-00C04F79EFBC}") = "Task1_1UnitTests", "Task1UnitTest\Task1_1UnitTests.csproj", "{383A5E01-06D6-474C-A5C5-11B5A7D2C657}"
EndProject
Project("{FAE04EC0-301F-11D3-BF4B-00C04F79EFBC}") = "Task1_2", "Task2\Task1_2.csproj", "{08F9AB8C-05B4-407C-907F-6BC98C538FF6}"
EndProject
Project("{FAE04EC0-301F-11D3-BF4B-00C04F79EFBC}") = "Task1_2UnitTests", "Task2UnitTests\Task1_2UnitTests.csproj", "{F42EF6D4-F0A5-4BF0-91B7-E73BE442257F}"
EndProject
Project("{FAE04EC0-301F-11D3-BF4B-00C04F79EFBC}") = "Task1_3", "Task3\Task1_3.csproj", "{47EF6891-0ADE-4C39-B3BB-8B94E95B2346}"
EndProject
Project("{FAE04EC0-301F-11D3-BF4B-00C04F79EFBC}") = "Task1_3UnitTests", "Task3UnitTests\Task1_3UnitTests.csproj", "{4CF4E3C7-DA62-45E3-AD59-CF24147D41C7}"
EndProject
Project("{FAE04EC0-301F-11D3-BF4B-00C04F79EFBC}") = "Task1_4", "Task4\Task1_4.csproj", "{E6188A83-5BD0-4490-BB72-DE49715D29F6}"
EndProject
Project("{FAE04EC0-301F-11D3-BF4B-00C04F79EFBC}") = "Task1_4UnitTests", "Task4UnitTests\Task1_4UnitTests.csproj", "{280DCC39-32F0-4749-AD93-678DE0964678}"
EndProject
Project("{FAE04EC0-301F-11D3-BF4B-00C04F79EFBC}") = "Task2_1", "Task2.1\Task2_1.csproj", "{C844CE5A-A7CA-4FD9-A349-871D6ACF85FB}"
EndProject
Project("{FAE04EC0-301F-11D3-BF4B-00C04F79EFBC}") = "Task2_1UnitTests", "Task2.1UnitTests\Task2_1UnitTests.csproj", "{11F33E53-5FF1-4962-9F07-084F7E258F4C}"
EndProject
Project("{FAE04EC0-301F-11D3-BF4B-00C04F79EFBC}") = "Task2_2", "Task2_2\Task2_2.csproj", "{0D63BECD-5CDD-4A70-A74D-4FE99183630E}"
EndProject
Project("{FAE04EC0-301F-11D3-BF4B-00C04F79EFBC}") = "Task2_2UnitTests", "Task2_2UnitTests\Task2_2UnitTests.csproj", "{937EE90C-E445-483A-993C-5C73A3943829}"
EndProject
Project("{FAE04EC0-301F-11D3-BF4B-00C04F79EFBC}") = "Task2_3", "Task2_3\Task2_3.csproj", "{E6EE3F5F-6694-46E6-944B-C7A429805A14}"
EndProject
Project("{FAE04EC0-301F-11D3-BF4B-00C04F79EFBC}") = "Task2_3UnitTests", "Task2_3UnitTests\Task2_3UnitTests.csproj", "{C6390DFD-7AFD-4739-B868-35478D72AC66}"
EndProject
Project("{FAE04EC0-301F-11D3-BF4B-00C04F79EFBC}") = "Task2_4", "Task2_4\Task2_4.csproj", "{1162D7D3-4B1C-4C8D-8ED0-F5A4678FA570}"
EndProject
Project("{FAE04EC0-301F-11D3-BF4B-00C04F79EFBC}") = "Task2_4UnitTests", "Task2_4UnitTests\Task2_4UnitTests.csproj", "{4EAEDC24-524C-4E9A-8EA5-EA5849D6AAF2}"
EndProject
Project("{FAE04EC0-301F-11D3-BF4B-00C04F79EFBC}") = "Task2_5", "Task2_5\Task2_5.csproj", "{9483997B-4FCF-4159-91F0-F428C8357C69}"
EndProject
Project("{FAE04EC0-301F-11D3-BF4B-00C04F79EFBC}") = "Task2_5UnitTests", "Task2_5UnitTests\Task2_5UnitTests.csproj", "{CE0872B4-A84A-44B0-A1B5-79A62CDE58D8}"
EndProject
Global
	GlobalSection(SolutionConfigurationPlatforms) = preSolution
		Debug|Any CPU = Debug|Any CPU
		Release|Any CPU = Release|Any CPU
	EndGlobalSection
	GlobalSection(ProjectConfigurationPlatforms) = postSolution
		{54EC0C60-FB20-400F-939E-6D4AC6CC41B1}.Debug|Any CPU.ActiveCfg = Debug|Any CPU
		{54EC0C60-FB20-400F-939E-6D4AC6CC41B1}.Debug|Any CPU.Build.0 = Debug|Any CPU
		{54EC0C60-FB20-400F-939E-6D4AC6CC41B1}.Release|Any CPU.ActiveCfg = Release|Any CPU
		{54EC0C60-FB20-400F-939E-6D4AC6CC41B1}.Release|Any CPU.Build.0 = Release|Any CPU
		{383A5E01-06D6-474C-A5C5-11B5A7D2C657}.Debug|Any CPU.ActiveCfg = Debug|Any CPU
		{383A5E01-06D6-474C-A5C5-11B5A7D2C657}.Debug|Any CPU.Build.0 = Debug|Any CPU
		{383A5E01-06D6-474C-A5C5-11B5A7D2C657}.Release|Any CPU.ActiveCfg = Release|Any CPU
		{383A5E01-06D6-474C-A5C5-11B5A7D2C657}.Release|Any CPU.Build.0 = Release|Any CPU
		{08F9AB8C-05B4-407C-907F-6BC98C538FF6}.Debug|Any CPU.ActiveCfg = Debug|Any CPU
		{08F9AB8C-05B4-407C-907F-6BC98C538FF6}.Debug|Any CPU.Build.0 = Debug|Any CPU
		{08F9AB8C-05B4-407C-907F-6BC98C538FF6}.Release|Any CPU.ActiveCfg = Release|Any CPU
		{08F9AB8C-05B4-407C-907F-6BC98C538FF6}.Release|Any CPU.Build.0 = Release|Any CPU
		{F42EF6D4-F0A5-4BF0-91B7-E73BE442257F}.Debug|Any CPU.ActiveCfg = Debug|Any CPU
		{F42EF6D4-F0A5-4BF0-91B7-E73BE442257F}.Debug|Any CPU.Build.0 = Debug|Any CPU
		{F42EF6D4-F0A5-4BF0-91B7-E73BE442257F}.Release|Any CPU.ActiveCfg = Release|Any CPU
		{F42EF6D4-F0A5-4BF0-91B7-E73BE442257F}.Release|Any CPU.Build.0 = Release|Any CPU
		{47EF6891-0ADE-4C39-B3BB-8B94E95B2346}.Debug|Any CPU.ActiveCfg = Debug|Any CPU
		{47EF6891-0ADE-4C39-B3BB-8B94E95B2346}.Debug|Any CPU.Build.0 = Debug|Any CPU
		{47EF6891-0ADE-4C39-B3BB-8B94E95B2346}.Release|Any CPU.ActiveCfg = Release|Any CPU
		{47EF6891-0ADE-4C39-B3BB-8B94E95B2346}.Release|Any CPU.Build.0 = Release|Any CPU
		{4CF4E3C7-DA62-45E3-AD59-CF24147D41C7}.Debug|Any CPU.ActiveCfg = Debug|Any CPU
		{4CF4E3C7-DA62-45E3-AD59-CF24147D41C7}.Debug|Any CPU.Build.0 = Debug|Any CPU
		{4CF4E3C7-DA62-45E3-AD59-CF24147D41C7}.Release|Any CPU.ActiveCfg = Release|Any CPU
		{4CF4E3C7-DA62-45E3-AD59-CF24147D41C7}.Release|Any CPU.Build.0 = Release|Any CPU
		{E6188A83-5BD0-4490-BB72-DE49715D29F6}.Debug|Any CPU.ActiveCfg = Debug|Any CPU
		{E6188A83-5BD0-4490-BB72-DE49715D29F6}.Debug|Any CPU.Build.0 = Debug|Any CPU
		{E6188A83-5BD0-4490-BB72-DE49715D29F6}.Release|Any CPU.ActiveCfg = Release|Any CPU
		{E6188A83-5BD0-4490-BB72-DE49715D29F6}.Release|Any CPU.Build.0 = Release|Any CPU
		{280DCC39-32F0-4749-AD93-678DE0964678}.Debug|Any CPU.ActiveCfg = Debug|Any CPU
		{280DCC39-32F0-4749-AD93-678DE0964678}.Debug|Any CPU.Build.0 = Debug|Any CPU
		{280DCC39-32F0-4749-AD93-678DE0964678}.Release|Any CPU.ActiveCfg = Release|Any CPU
		{280DCC39-32F0-4749-AD93-678DE0964678}.Release|Any CPU.Build.0 = Release|Any CPU
		{C844CE5A-A7CA-4FD9-A349-871D6ACF85FB}.Debug|Any CPU.ActiveCfg = Debug|Any CPU
		{C844CE5A-A7CA-4FD9-A349-871D6ACF85FB}.Debug|Any CPU.Build.0 = Debug|Any CPU
		{C844CE5A-A7CA-4FD9-A349-871D6ACF85FB}.Release|Any CPU.ActiveCfg = Release|Any CPU
		{C844CE5A-A7CA-4FD9-A349-871D6ACF85FB}.Release|Any CPU.Build.0 = Release|Any CPU
		{11F33E53-5FF1-4962-9F07-084F7E258F4C}.Debug|Any CPU.ActiveCfg = Debug|Any CPU
		{11F33E53-5FF1-4962-9F07-084F7E258F4C}.Debug|Any CPU.Build.0 = Debug|Any CPU
		{11F33E53-5FF1-4962-9F07-084F7E258F4C}.Release|Any CPU.ActiveCfg = Release|Any CPU
		{11F33E53-5FF1-4962-9F07-084F7E258F4C}.Release|Any CPU.Build.0 = Release|Any CPU
		{0D63BECD-5CDD-4A70-A74D-4FE99183630E}.Debug|Any CPU.ActiveCfg = Debug|Any CPU
		{0D63BECD-5CDD-4A70-A74D-4FE99183630E}.Debug|Any CPU.Build.0 = Debug|Any CPU
		{0D63BECD-5CDD-4A70-A74D-4FE99183630E}.Release|Any CPU.ActiveCfg = Release|Any CPU
		{0D63BECD-5CDD-4A70-A74D-4FE99183630E}.Release|Any CPU.Build.0 = Release|Any CPU
		{937EE90C-E445-483A-993C-5C73A3943829}.Debug|Any CPU.ActiveCfg = Debug|Any CPU
		{937EE90C-E445-483A-993C-5C73A3943829}.Debug|Any CPU.Build.0 = Debug|Any CPU
		{937EE90C-E445-483A-993C-5C73A3943829}.Release|Any CPU.ActiveCfg = Release|Any CPU
		{937EE90C-E445-483A-993C-5C73A3943829}.Release|Any CPU.Build.0 = Release|Any CPU
		{E6EE3F5F-6694-46E6-944B-C7A429805A14}.Debug|Any CPU.ActiveCfg = Debug|Any CPU
		{E6EE3F5F-6694-46E6-944B-C7A429805A14}.Debug|Any CPU.Build.0 = Debug|Any CPU
		{E6EE3F5F-6694-46E6-944B-C7A429805A14}.Release|Any CPU.ActiveCfg = Release|Any CPU
		{E6EE3F5F-6694-46E6-944B-C7A429805A14}.Release|Any CPU.Build.0 = Release|Any CPU
		{C6390DFD-7AFD-4739-B868-35478D72AC66}.Debug|Any CPU.ActiveCfg = Debug|Any CPU
		{C6390DFD-7AFD-4739-B868-35478D72AC66}.Debug|Any CPU.Build.0 = Debug|Any CPU
		{C6390DFD-7AFD-4739-B868-35478D72AC66}.Release|Any CPU.ActiveCfg = Release|Any CPU
		{C6390DFD-7AFD-4739-B868-35478D72AC66}.Release|Any CPU.Build.0 = Release|Any CPU
		{1162D7D3-4B1C-4C8D-8ED0-F5A4678FA570}.Debug|Any CPU.ActiveCfg = Debug|Any CPU
		{1162D7D3-4B1C-4C8D-8ED0-F5A4678FA570}.Debug|Any CPU.Build.0 = Debug|Any CPU
		{1162D7D3-4B1C-4C8D-8ED0-F5A4678FA570}.Release|Any CPU.ActiveCfg = Release|Any CPU
		{1162D7D3-4B1C-4C8D-8ED0-F5A4678FA570}.Release|Any CPU.Build.0 = Release|Any CPU
		{4EAEDC24-524C-4E9A-8EA5-EA5849D6AAF2}.Debug|Any CPU.ActiveCfg = Debug|Any CPU
		{4EAEDC24-524C-4E9A-8EA5-EA5849D6AAF2}.Debug|Any CPU.Build.0 = Debug|Any CPU
		{4EAEDC24-524C-4E9A-8EA5-EA5849D6AAF2}.Release|Any CPU.ActiveCfg = Release|Any CPU
		{4EAEDC24-524C-4E9A-8EA5-EA5849D6AAF2}.Release|Any CPU.Build.0 = Release|Any CPU
		{9483997B-4FCF-4159-91F0-F428C8357C69}.Debug|Any CPU.ActiveCfg = Debug|Any CPU
		{9483997B-4FCF-4159-91F0-F428C8357C69}.Debug|Any CPU.Build.0 = Debug|Any CPU
		{9483997B-4FCF-4159-91F0-F428C8357C69}.Release|Any CPU.ActiveCfg = Release|Any CPU
		{9483997B-4FCF-4159-91F0-F428C8357C69}.Release|Any CPU.Build.0 = Release|Any CPU
		{CE0872B4-A84A-44B0-A1B5-79A62CDE58D8}.Debug|Any CPU.ActiveCfg = Debug|Any CPU
		{CE0872B4-A84A-44B0-A1B5-79A62CDE58D8}.Debug|Any CPU.Build.0 = Debug|Any CPU
		{CE0872B4-A84A-44B0-A1B5-79A62CDE58D8}.Release|Any CPU.ActiveCfg = Release|Any CPU
		{CE0872B4-A84A-44B0-A1B5-79A62CDE58D8}.Release|Any CPU.Build.0 = Release|Any CPU
	EndGlobalSection
	GlobalSection(SolutionProperties) = preSolution
		HideSolutionNode = FALSE
	EndGlobalSection
	GlobalSection(ExtensibilityGlobals) = postSolution
		SolutionGuid = {3CE0DFB3-606F-4599-A15A-1CF868FDBE1D}
	EndGlobalSection
EndGlobal
